// !$*UTF8*$!
{
	archiveVersion = 1;
	classes = {
	};
	objectVersion = 50;
	objects = {

/* Begin PBXBuildFile section */
		6766A74D267793200042C65A /* Category.swift in Sources */ = {isa = PBXBuildFile; fileRef = 6766A74C267793200042C65A /* Category.swift */; };
		6766A75126779B570042C65A /* Destination.swift in Sources */ = {isa = PBXBuildFile; fileRef = 6766A75026779B570042C65A /* Destination.swift */; };
		67B6343B268F5D2D0084E758 /* Restaurant.swift in Sources */ = {isa = PBXBuildFile; fileRef = 67B6343A268F5D2D0084E758 /* Restaurant.swift */; };
		67B6343E268F5D3F0084E758 /* User.swift in Sources */ = {isa = PBXBuildFile; fileRef = 67B6343D268F5D3F0084E758 /* User.swift */; };
		67B63444268F674B0084E758 /* PopularDestinationsView.swift in Sources */ = {isa = PBXBuildFile; fileRef = 67B63443268F674B0084E758 /* PopularDestinationsView.swift */; };
		67B63447268F680A0084E758 /* PopularRestaurantsView.swift in Sources */ = {isa = PBXBuildFile; fileRef = 67B63446268F680A0084E758 /* PopularRestaurantsView.swift */; };
		67B6344A268F68400084E758 /* TrendingCreatorsView.swift in Sources */ = {isa = PBXBuildFile; fileRef = 67B63449268F68400084E758 /* TrendingCreatorsView.swift */; };
		67B6344D268F68600084E758 /* DiscoverCategoriesView.swift in Sources */ = {isa = PBXBuildFile; fileRef = 67B6344C268F68600084E758 /* DiscoverCategoriesView.swift */; };
		67B63451268F6CD80084E758 /* TileModifier.swift in Sources */ = {isa = PBXBuildFile; fileRef = 67B63450268F6CD80084E758 /* TileModifier.swift */; };
		67EB45B526760C730086538A /* TravelDiscoveryLBTAApp.swift in Sources */ = {isa = PBXBuildFile; fileRef = 67EB45B426760C730086538A /* TravelDiscoveryLBTAApp.swift */; };
		67EB45B726760C730086538A /* DiscoverView.swift in Sources */ = {isa = PBXBuildFile; fileRef = 67EB45B626760C730086538A /* DiscoverView.swift */; };
		67EB45B926760C740086538A /* Assets.xcassets in Resources */ = {isa = PBXBuildFile; fileRef = 67EB45B826760C740086538A /* Assets.xcassets */; };
		67EB45BC26760C740086538A /* Preview Assets.xcassets in Resources */ = {isa = PBXBuildFile; fileRef = 67EB45BB26760C740086538A /* Preview Assets.xcassets */; };
/* End PBXBuildFile section */

/* Begin PBXFileReference section */
		6766A74C267793200042C65A /* Category.swift */ = {isa = PBXFileReference; lastKnownFileType = sourcecode.swift; path = Category.swift; sourceTree = "<group>"; };
		6766A75026779B570042C65A /* Destination.swift */ = {isa = PBXFileReference; lastKnownFileType = sourcecode.swift; path = Destination.swift; sourceTree = "<group>"; };
		67B6343A268F5D2D0084E758 /* Restaurant.swift */ = {isa = PBXFileReference; lastKnownFileType = sourcecode.swift; path = Restaurant.swift; sourceTree = "<group>"; };
		67B6343D268F5D3F0084E758 /* User.swift */ = {isa = PBXFileReference; lastKnownFileType = sourcecode.swift; path = User.swift; sourceTree = "<group>"; };
		67B63443268F674B0084E758 /* PopularDestinationsView.swift */ = {isa = PBXFileReference; lastKnownFileType = sourcecode.swift; path = PopularDestinationsView.swift; sourceTree = "<group>"; };
		67B63446268F680A0084E758 /* PopularRestaurantsView.swift */ = {isa = PBXFileReference; lastKnownFileType = sourcecode.swift; path = PopularRestaurantsView.swift; sourceTree = "<group>"; };
		67B63449268F68400084E758 /* TrendingCreatorsView.swift */ = {isa = PBXFileReference; lastKnownFileType = sourcecode.swift; path = TrendingCreatorsView.swift; sourceTree = "<group>"; };
		67B6344C268F68600084E758 /* DiscoverCategoriesView.swift */ = {isa = PBXFileReference; lastKnownFileType = sourcecode.swift; path = DiscoverCategoriesView.swift; sourceTree = "<group>"; };
		67B63450268F6CD80084E758 /* TileModifier.swift */ = {isa = PBXFileReference; lastKnownFileType = sourcecode.swift; path = TileModifier.swift; sourceTree = "<group>"; };
		67EB45B126760C730086538A /* TravelDiscoveryLBTA.app */ = {isa = PBXFileReference; explicitFileType = wrapper.application; includeInIndex = 0; path = TravelDiscoveryLBTA.app; sourceTree = BUILT_PRODUCTS_DIR; };
		67EB45B426760C730086538A /* TravelDiscoveryLBTAApp.swift */ = {isa = PBXFileReference; lastKnownFileType = sourcecode.swift; path = TravelDiscoveryLBTAApp.swift; sourceTree = "<group>"; };
		67EB45B626760C730086538A /* DiscoverView.swift */ = {isa = PBXFileReference; lastKnownFileType = sourcecode.swift; path = DiscoverView.swift; sourceTree = "<group>"; };
		67EB45B826760C740086538A /* Assets.xcassets */ = {isa = PBXFileReference; lastKnownFileType = folder.assetcatalog; path = Assets.xcassets; sourceTree = "<group>"; };
		67EB45BB26760C740086538A /* Preview Assets.xcassets */ = {isa = PBXFileReference; lastKnownFileType = folder.assetcatalog; path = "Preview Assets.xcassets"; sourceTree = "<group>"; };
		67EB45BD26760C740086538A /* Info.plist */ = {isa = PBXFileReference; lastKnownFileType = text.plist.xml; path = Info.plist; sourceTree = "<group>"; };
/* End PBXFileReference section */

/* Begin PBXFrameworksBuildPhase section */
		67EB45AE26760C730086538A /* Frameworks */ = {
			isa = PBXFrameworksBuildPhase;
			buildActionMask = 2147483647;
			files = (
			);
			runOnlyForDeploymentPostprocessing = 0;
		};
/* End PBXFrameworksBuildPhase section */

/* Begin PBXGroup section */
		6766A74B267793190042C65A /* Models */ = {
			isa = PBXGroup;
			children = (
				6766A74C267793200042C65A /* Category.swift */,
				6766A75026779B570042C65A /* Destination.swift */,
				67B6343A268F5D2D0084E758 /* Restaurant.swift */,
				67B6343D268F5D3F0084E758 /* User.swift */,
			);
			path = Models;
			sourceTree = "<group>";
		};
		67B63440268F65DE0084E758 /* Discover */ = {
			isa = PBXGroup;
			children = (
				67EB45B626760C730086538A /* DiscoverView.swift */,
				67B6344C268F68600084E758 /* DiscoverCategoriesView.swift */,
				67B63449268F68400084E758 /* TrendingCreatorsView.swift */,
				67B63446268F680A0084E758 /* PopularRestaurantsView.swift */,
				67B63443268F674B0084E758 /* PopularDestinationsView.swift */,
			);
			path = Discover;
			sourceTree = "<group>";
		};
		67B6344F268F6CBE0084E758 /* Utils */ = {
			isa = PBXGroup;
			children = (
				67B63450268F6CD80084E758 /* TileModifier.swift */,
			);
			path = Utils;
			sourceTree = "<group>";
		};
		67EB45A826760C730086538A = {
			isa = PBXGroup;
			children = (
				67EB45B326760C730086538A /* TravelDiscoveryLBTA */,
				67EB45B226760C730086538A /* Products */,
			);
			sourceTree = "<group>";
		};
		67EB45B226760C730086538A /* Products */ = {
			isa = PBXGroup;
			children = (
				67EB45B126760C730086538A /* TravelDiscoveryLBTA.app */,
			);
			name = Products;
			sourceTree = "<group>";
		};
		67EB45B326760C730086538A /* TravelDiscoveryLBTA */ = {
			isa = PBXGroup;
			children = (
				67B6344F268F6CBE0084E758 /* Utils */,
				67B63440268F65DE0084E758 /* Discover */,
				6766A74B267793190042C65A /* Models */,
				67EB45B426760C730086538A /* TravelDiscoveryLBTAApp.swift */,
				67EB45B826760C740086538A /* Assets.xcassets */,
				67EB45BD26760C740086538A /* Info.plist */,
				67EB45BA26760C740086538A /* Preview Content */,
			);
			path = TravelDiscoveryLBTA;
			sourceTree = "<group>";
		};
		67EB45BA26760C740086538A /* Preview Content */ = {
			isa = PBXGroup;
			children = (
				67EB45BB26760C740086538A /* Preview Assets.xcassets */,
			);
			path = "Preview Content";
			sourceTree = "<group>";
		};
/* End PBXGroup section */

/* Begin PBXNativeTarget section */
		67EB45B026760C730086538A /* TravelDiscoveryLBTA */ = {
			isa = PBXNativeTarget;
			buildConfigurationList = 67EB45C026760C740086538A /* Build configuration list for PBXNativeTarget "TravelDiscoveryLBTA" */;
			buildPhases = (
				67EB45AD26760C730086538A /* Sources */,
				67EB45AE26760C730086538A /* Frameworks */,
				67EB45AF26760C730086538A /* Resources */,
			);
			buildRules = (
			);
			dependencies = (
			);
			name = TravelDiscoveryLBTA;
			productName = TravelDiscoveryLBTA;
			productReference = 67EB45B126760C730086538A /* TravelDiscoveryLBTA.app */;
			productType = "com.apple.product-type.application";
		};
/* End PBXNativeTarget section */

/* Begin PBXProject section */
		67EB45A926760C730086538A /* Project object */ = {
			isa = PBXProject;
			attributes = {
				LastSwiftUpdateCheck = 1240;
				LastUpgradeCheck = 1240;
				TargetAttributes = {
					67EB45B026760C730086538A = {
						CreatedOnToolsVersion = 12.4;
					};
				};
			};
			buildConfigurationList = 67EB45AC26760C730086538A /* Build configuration list for PBXProject "TravelDiscoveryLBTA" */;
			compatibilityVersion = "Xcode 9.3";
			developmentRegion = en;
			hasScannedForEncodings = 0;
			knownRegions = (
				en,
				Base,
			);
			mainGroup = 67EB45A826760C730086538A;
			productRefGroup = 67EB45B226760C730086538A /* Products */;
			projectDirPath = "";
			projectRoot = "";
			targets = (
				67EB45B026760C730086538A /* TravelDiscoveryLBTA */,
			);
		};
/* End PBXProject section */

/* Begin PBXResourcesBuildPhase section */
		67EB45AF26760C730086538A /* Resources */ = {
			isa = PBXResourcesBuildPhase;
			buildActionMask = 2147483647;
			files = (
				67EB45BC26760C740086538A /* Preview Assets.xcassets in Resources */,
				67EB45B926760C740086538A /* Assets.xcassets in Resources */,
			);
			runOnlyForDeploymentPostprocessing = 0;
		};
/* End PBXResourcesBuildPhase section */

/* Begin PBXSourcesBuildPhase section */
		67EB45AD26760C730086538A /* Sources */ = {
			isa = PBXSourcesBuildPhase;
			buildActionMask = 2147483647;
			files = (
				67B6343B268F5D2D0084E758 /* Restaurant.swift in Sources */,
				67B63451268F6CD80084E758 /* TileModifier.swift in Sources */,
				67B63447268F680A0084E758 /* PopularRestaurantsView.swift in Sources */,
				67EB45B726760C730086538A /* DiscoverView.swift in Sources */,
				67B6343E268F5D3F0084E758 /* User.swift in Sources */,
				67EB45B526760C730086538A /* TravelDiscoveryLBTAApp.swift in Sources */,
				67B6344D268F68600084E758 /* DiscoverCategoriesView.swift in Sources */,
				67B63444268F674B0084E758 /* PopularDestinationsView.swift in Sources */,
				6766A75126779B570042C65A /* Destination.swift in Sources */,
				6766A74D267793200042C65A /* Category.swift in Sources */,
				67B6344A268F68400084E758 /* TrendingCreatorsView.swift in Sources */,
			);
			runOnlyForDeploymentPostprocessing = 0;
		};
/* End PBXSourcesBuildPhase section */

/* Begin XCBuildConfiguration section */
		67EB45BE26760C740086538A /* Debug */ = {
			isa = XCBuildConfiguration;
			buildSettings = {
				ALWAYS_SEARCH_USER_PATHS = NO;
				CLANG_ANALYZER_NONNULL = YES;
				CLANG_ANALYZER_NUMBER_OBJECT_CONVERSION = YES_AGGRESSIVE;
				CLANG_CXX_LANGUAGE_STANDARD = "gnu++14";
				CLANG_CXX_LIBRARY = "libc++";
				CLANG_ENABLE_MODULES = YES;
				CLANG_ENABLE_OBJC_ARC = YES;
				CLANG_ENABLE_OBJC_WEAK = YES;
				CLANG_WARN_BLOCK_CAPTURE_AUTORELEASING = YES;
				CLANG_WARN_BOOL_CONVERSION = YES;
				CLANG_WARN_COMMA = YES;
				CLANG_WARN_CONSTANT_CONVERSION = YES;
				CLANG_WARN_DEPRECATED_OBJC_IMPLEMENTATIONS = YES;
				CLANG_WARN_DIRECT_OBJC_ISA_USAGE = YES_ERROR;
				CLANG_WARN_DOCUMENTATION_COMMENTS = YES;
				CLANG_WARN_EMPTY_BODY = YES;
				CLANG_WARN_ENUM_CONVERSION = YES;
				CLANG_WARN_INFINITE_RECURSION = YES;
				CLANG_WARN_INT_CONVERSION = YES;
				CLANG_WARN_NON_LITERAL_NULL_CONVERSION = YES;
				CLANG_WARN_OBJC_IMPLICIT_RETAIN_SELF = YES;
				CLANG_WARN_OBJC_LITERAL_CONVERSION = YES;
				CLANG_WARN_OBJC_ROOT_CLASS = YES_ERROR;
				CLANG_WARN_QUOTED_INCLUDE_IN_FRAMEWORK_HEADER = YES;
				CLANG_WARN_RANGE_LOOP_ANALYSIS = YES;
				CLANG_WARN_STRICT_PROTOTYPES = YES;
				CLANG_WARN_SUSPICIOUS_MOVE = YES;
				CLANG_WARN_UNGUARDED_AVAILABILITY = YES_AGGRESSIVE;
				CLANG_WARN_UNREACHABLE_CODE = YES;
				CLANG_WARN__DUPLICATE_METHOD_MATCH = YES;
				COPY_PHASE_STRIP = NO;
				DEBUG_INFORMATION_FORMAT = dwarf;
				ENABLE_STRICT_OBJC_MSGSEND = YES;
				ENABLE_TESTABILITY = YES;
				GCC_C_LANGUAGE_STANDARD = gnu11;
				GCC_DYNAMIC_NO_PIC = NO;
				GCC_NO_COMMON_BLOCKS = YES;
				GCC_OPTIMIZATION_LEVEL = 0;
				GCC_PREPROCESSOR_DEFINITIONS = (
					"DEBUG=1",
					"$(inherited)",
				);
				GCC_WARN_64_TO_32_BIT_CONVERSION = YES;
				GCC_WARN_ABOUT_RETURN_TYPE = YES_ERROR;
				GCC_WARN_UNDECLARED_SELECTOR = YES;
				GCC_WARN_UNINITIALIZED_AUTOS = YES_AGGRESSIVE;
				GCC_WARN_UNUSED_FUNCTION = YES;
				GCC_WARN_UNUSED_VARIABLE = YES;
				IPHONEOS_DEPLOYMENT_TARGET = 14.4;
				MTL_ENABLE_DEBUG_INFO = INCLUDE_SOURCE;
				MTL_FAST_MATH = YES;
				ONLY_ACTIVE_ARCH = YES;
				SDKROOT = iphoneos;
				SWIFT_ACTIVE_COMPILATION_CONDITIONS = DEBUG;
				SWIFT_OPTIMIZATION_LEVEL = "-Onone";
			};
			name = Debug;
		};
		67EB45BF26760C740086538A /* Release */ = {
			isa = XCBuildConfiguration;
			buildSettings = {
				ALWAYS_SEARCH_USER_PATHS = NO;
				CLANG_ANALYZER_NONNULL = YES;
				CLANG_ANALYZER_NUMBER_OBJECT_CONVERSION = YES_AGGRESSIVE;
				CLANG_CXX_LANGUAGE_STANDARD = "gnu++14";
				CLANG_CXX_LIBRARY = "libc++";
				CLANG_ENABLE_MODULES = YES;
				CLANG_ENABLE_OBJC_ARC = YES;
				CLANG_ENABLE_OBJC_WEAK = YES;
				CLANG_WARN_BLOCK_CAPTURE_AUTORELEASING = YES;
				CLANG_WARN_BOOL_CONVERSION = YES;
				CLANG_WARN_COMMA = YES;
				CLANG_WARN_CONSTANT_CONVERSION = YES;
				CLANG_WARN_DEPRECATED_OBJC_IMPLEMENTATIONS = YES;
				CLANG_WARN_DIRECT_OBJC_ISA_USAGE = YES_ERROR;
				CLANG_WARN_DOCUMENTATION_COMMENTS = YES;
				CLANG_WARN_EMPTY_BODY = YES;
				CLANG_WARN_ENUM_CONVERSION = YES;
				CLANG_WARN_INFINITE_RECURSION = YES;
				CLANG_WARN_INT_CONVERSION = YES;
				CLANG_WARN_NON_LITERAL_NULL_CONVERSION = YES;
				CLANG_WARN_OBJC_IMPLICIT_RETAIN_SELF = YES;
				CLANG_WARN_OBJC_LITERAL_CONVERSION = YES;
				CLANG_WARN_OBJC_ROOT_CLASS = YES_ERROR;
				CLANG_WARN_QUOTED_INCLUDE_IN_FRAMEWORK_HEADER = YES;
				CLANG_WARN_RANGE_LOOP_ANALYSIS = YES;
				CLANG_WARN_STRICT_PROTOTYPES = YES;
				CLANG_WARN_SUSPICIOUS_MOVE = YES;
				CLANG_WARN_UNGUARDED_AVAILABILITY = YES_AGGRESSIVE;
				CLANG_WARN_UNREACHABLE_CODE = YES;
				CLANG_WARN__DUPLICATE_METHOD_MATCH = YES;
				COPY_PHASE_STRIP = NO;
				DEBUG_INFORMATION_FORMAT = "dwarf-with-dsym";
				ENABLE_NS_ASSERTIONS = NO;
				ENABLE_STRICT_OBJC_MSGSEND = YES;
				GCC_C_LANGUAGE_STANDARD = gnu11;
				GCC_NO_COMMON_BLOCKS = YES;
				GCC_WARN_64_TO_32_BIT_CONVERSION = YES;
				GCC_WARN_ABOUT_RETURN_TYPE = YES_ERROR;
				GCC_WARN_UNDECLARED_SELECTOR = YES;
				GCC_WARN_UNINITIALIZED_AUTOS = YES_AGGRESSIVE;
				GCC_WARN_UNUSED_FUNCTION = YES;
				GCC_WARN_UNUSED_VARIABLE = YES;
				IPHONEOS_DEPLOYMENT_TARGET = 14.4;
				MTL_ENABLE_DEBUG_INFO = NO;
				MTL_FAST_MATH = YES;
				SDKROOT = iphoneos;
				SWIFT_COMPILATION_MODE = wholemodule;
				SWIFT_OPTIMIZATION_LEVEL = "-O";
				VALIDATE_PRODUCT = YES;
			};
			name = Release;
		};
		67EB45C126760C740086538A /* Debug */ = {
			isa = XCBuildConfiguration;
			buildSettings = {
				ASSETCATALOG_COMPILER_APPICON_NAME = AppIcon;
				ASSETCATALOG_COMPILER_GLOBAL_ACCENT_COLOR_NAME = AccentColor;
				CODE_SIGN_STYLE = Automatic;
				DEVELOPMENT_ASSET_PATHS = "\"TravelDiscoveryLBTA/Preview Content\"";
				ENABLE_PREVIEWS = YES;
				INFOPLIST_FILE = TravelDiscoveryLBTA/Info.plist;
				IPHONEOS_DEPLOYMENT_TARGET = 14.0;
				LD_RUNPATH_SEARCH_PATHS = (
					"$(inherited)",
					"@executable_path/Frameworks",
				);
				PRODUCT_BUNDLE_IDENTIFIER = kz.nurtugan.TravelDiscoveryLBTA;
				PRODUCT_NAME = "$(TARGET_NAME)";
				SWIFT_VERSION = 5.0;
				TARGETED_DEVICE_FAMILY = "1,2";
			};
			name = Debug;
		};
		67EB45C226760C740086538A /* Release */ = {
			isa = XCBuildConfiguration;
			buildSettings = {
				ASSETCATALOG_COMPILER_APPICON_NAME = AppIcon;
				ASSETCATALOG_COMPILER_GLOBAL_ACCENT_COLOR_NAME = AccentColor;
				CODE_SIGN_STYLE = Automatic;
				DEVELOPMENT_ASSET_PATHS = "\"TravelDiscoveryLBTA/Preview Content\"";
				ENABLE_PREVIEWS = YES;
				INFOPLIST_FILE = TravelDiscoveryLBTA/Info.plist;
				IPHONEOS_DEPLOYMENT_TARGET = 14.0;
				LD_RUNPATH_SEARCH_PATHS = (
					"$(inherited)",
					"@executable_path/Frameworks",
				);
				PRODUCT_BUNDLE_IDENTIFIER = kz.nurtugan.TravelDiscoveryLBTA;
				PRODUCT_NAME = "$(TARGET_NAME)";
				SWIFT_VERSION = 5.0;
				TARGETED_DEVICE_FAMILY = "1,2";
			};
			name = Release;
		};
/* End XCBuildConfiguration section */

/* Begin XCConfigurationList section */
		67EB45AC26760C730086538A /* Build configuration list for PBXProject "TravelDiscoveryLBTA" */ = {
			isa = XCConfigurationList;
			buildConfigurations = (
				67EB45BE26760C740086538A /* Debug */,
				67EB45BF26760C740086538A /* Release */,
			);
			defaultConfigurationIsVisible = 0;
			defaultConfigurationName = Release;
		};
		67EB45C026760C740086538A /* Build configuration list for PBXNativeTarget "TravelDiscoveryLBTA" */ = {
			isa = XCConfigurationList;
			buildConfigurations = (
				67EB45C126760C740086538A /* Debug */,
				67EB45C226760C740086538A /* Release */,
			);
			defaultConfigurationIsVisible = 0;
			defaultConfigurationName = Release;
		};
/* End XCConfigurationList section */
	};
	rootObject = 67EB45A926760C730086538A /* Project object */;
}
